
Microsoft Visual Studio Solution File, Format Version 12.00
# Visual Studio 14
VisualStudioVersion = 14.0.25420.1
MinimumVisualStudioVersion = 10.0.40219.1
Project("{2150E333-8FDC-42A3-9474-1A3956D46DE8}") = "Advanced C++ Programming-Udemy", "Advanced C++ Programming-Udemy", "{5C841799-CB08-4E6F-BE5A-EE7960857EBD}"
EndProject
Project("{2150E333-8FDC-42A3-9474-1A3956D46DE8}") = "C++ Crash Course For C Programmers-Website", "C++ Crash Course For C Programmers-Website", "{5BDBA5BA-9C97-4C15-B5EA-F99B85E4FF24}"
EndProject
Project("{2150E333-8FDC-42A3-9474-1A3956D46DE8}") = "C++ General Concepts-General", "C++ General Concepts-General", "{2AED24BB-9219-43D2-A26A-2B4A0F95A586}"
EndProject
Project("{2150E333-8FDC-42A3-9474-1A3956D46DE8}") = "DiveDeepinC++-Udemy", "DiveDeepinC++-Udemy", "{6DAA8803-9424-41C4-896B-0C4CFD6A1EAF}"
EndProject
Project("{2150E333-8FDC-42A3-9474-1A3956D46DE8}") = "Section_1", "Section_1", "{641A661B-BFFC-428C-81C8-AE797796D0DE}"
EndProject
Project("{2150E333-8FDC-42A3-9474-1A3956D46DE8}") = "Section_2", "Section_2", "{37BFD741-AAC3-494B-9871-BFF52E857ABF}"
EndProject
Project("{8BC9CEB8-8B4A-11D0-8D11-00A0C91BC942}") = "1_1_HelloWorld", "DiveDeepinC++-Udemy\CourseContents\Section_1\1_1_HelloWorld\1_1_HelloWorld\1_1_HelloWorld.vcxproj", "{C9FEF25F-21A5-4D69-930B-3B2274639CDB}"
EndProject
Project("{8BC9CEB8-8B4A-11D0-8D11-00A0C91BC942}") = "2_1_FirstProgramInCPP", "DiveDeepinC++-Udemy\CourseContents\Section_2\2_1_FirstProgramInCPP\2_1_FirstProgramInCPP\2_1_FirstProgramInCPP.vcxproj", "{B68C2ED9-EE99-49F1-98DC-D4F71DFEF386}"
EndProject
Project("{8BC9CEB8-8B4A-11D0-8D11-00A0C91BC942}") = "2_FromCtoCPP", "C++ Crash Course for C Programmers-Website\CourseContents\2_FromCtoCPP\2_FromCtoCPP.vcxproj", "{94349CD6-7BF3-4A54-987A-00BD69C6DE89}"
EndProject
Project("{2150E333-8FDC-42A3-9474-1A3956D46DE8}") = "Section_6", "Section_6", "{D41CFE89-2C7B-4ECD-B4E6-6EF20489069A}"
EndProject
Project("{8BC9CEB8-8B4A-11D0-8D11-00A0C91BC942}") = "Sequential_Containers", "Advanced C++ Programming-Udemy\CourseContents\Section_6\Sequential_Containers\Sequential_Containers.vcxproj", "{2718AC97-08DA-4F44-9E5F-A53914E73C53}"
EndProject
Project("{2150E333-8FDC-42A3-9474-1A3956D46DE8}") = "Section_7", "Section_7", "{5498EC8F-7A98-414D-A909-97A3427AC42B}"
EndProject
Project("{8BC9CEB8-8B4A-11D0-8D11-00A0C91BC942}") = "Associative_Containers", "Advanced C++ Programming-Udemy\CourseContents\Section_7\Associative_Containers\Associative_Containers.vcxproj", "{AEC1FEA2-B69A-4816-B821-2B6D988568DD}"
EndProject
Project("{2150E333-8FDC-42A3-9474-1A3956D46DE8}") = "Section_8", "Section_8", "{40C9D06B-0D9E-4051-937C-DA0AF69835B4}"
EndProject
Project("{8BC9CEB8-8B4A-11D0-8D11-00A0C91BC942}") = "Generic_Algorithms", "Advanced C++ Programming-Udemy\CourseContents\Section_8\Generic_Algorithms\Generic_Algorithms.vcxproj", "{3229D104-9D68-4106-B2AA-1FD4145ADA5F}"
EndProject
Project("{2150E333-8FDC-42A3-9474-1A3956D46DE8}") = "Section_9", "Section_9", "{04FC7C4D-4284-4C47-8044-8C8086E5633E}"
EndProject
Project("{8BC9CEB8-8B4A-11D0-8D11-00A0C91BC942}") = "Non_STL_Data_Structures", "Advanced C++ Programming-Udemy\CourseContents\Section_9\Non_STL_Data_Structures\Non_STL_Data_Structures.vcxproj", "{0A35C608-2CBF-42CD-B879-6C60F9C26502}"
EndProject
Project("{2150E333-8FDC-42A3-9474-1A3956D46DE8}") = "Section_11", "Section_11", "{FB547CD0-C2F5-46D9-9D94-FB9E72F0DE79}"
EndProject
Project("{8BC9CEB8-8B4A-11D0-8D11-00A0C91BC942}") = "Namespaces", "Advanced C++ Programming-Udemy\CourseContents\Section_11\Namespaces\Namespaces.vcxproj", "{B1BB6561-C2B6-4A82-850E-39E52CD80155}"
EndProject
Project("{2150E333-8FDC-42A3-9474-1A3956D46DE8}") = "Section_12", "Section_12", "{90FE1BA7-A6FB-4A8A-9132-FA40066091EE}"
EndProject
Project("{8BC9CEB8-8B4A-11D0-8D11-00A0C91BC942}") = "String_Class", "Advanced C++ Programming-Udemy\CourseContents\Section_12\String_Class\String_Class.vcxproj", "{86667C6C-6492-42F4-A902-DE806BFA7AC9}"
EndProject
Global
	GlobalSection(SolutionConfigurationPlatforms) = preSolution
		Debug|x64 = Debug|x64
		Debug|x86 = Debug|x86
		Release|x64 = Release|x64
		Release|x86 = Release|x86
	EndGlobalSection
	GlobalSection(ProjectConfigurationPlatforms) = postSolution
		{C9FEF25F-21A5-4D69-930B-3B2274639CDB}.Debug|x64.ActiveCfg = Debug|x64
		{C9FEF25F-21A5-4D69-930B-3B2274639CDB}.Debug|x64.Build.0 = Debug|x64
		{C9FEF25F-21A5-4D69-930B-3B2274639CDB}.Debug|x86.ActiveCfg = Debug|Win32
		{C9FEF25F-21A5-4D69-930B-3B2274639CDB}.Debug|x86.Build.0 = Debug|Win32
		{C9FEF25F-21A5-4D69-930B-3B2274639CDB}.Release|x64.ActiveCfg = Release|x64
		{C9FEF25F-21A5-4D69-930B-3B2274639CDB}.Release|x64.Build.0 = Release|x64
		{C9FEF25F-21A5-4D69-930B-3B2274639CDB}.Release|x86.ActiveCfg = Release|Win32
		{C9FEF25F-21A5-4D69-930B-3B2274639CDB}.Release|x86.Build.0 = Release|Win32
		{B68C2ED9-EE99-49F1-98DC-D4F71DFEF386}.Debug|x64.ActiveCfg = Debug|x64
		{B68C2ED9-EE99-49F1-98DC-D4F71DFEF386}.Debug|x64.Build.0 = Debug|x64
		{B68C2ED9-EE99-49F1-98DC-D4F71DFEF386}.Debug|x86.ActiveCfg = Debug|Win32
		{B68C2ED9-EE99-49F1-98DC-D4F71DFEF386}.Debug|x86.Build.0 = Debug|Win32
		{B68C2ED9-EE99-49F1-98DC-D4F71DFEF386}.Release|x64.ActiveCfg = Release|x64
		{B68C2ED9-EE99-49F1-98DC-D4F71DFEF386}.Release|x64.Build.0 = Release|x64
		{B68C2ED9-EE99-49F1-98DC-D4F71DFEF386}.Release|x86.ActiveCfg = Release|Win32
		{B68C2ED9-EE99-49F1-98DC-D4F71DFEF386}.Release|x86.Build.0 = Release|Win32
		{94349CD6-7BF3-4A54-987A-00BD69C6DE89}.Debug|x64.ActiveCfg = Debug|x64
		{94349CD6-7BF3-4A54-987A-00BD69C6DE89}.Debug|x64.Build.0 = Debug|x64
		{94349CD6-7BF3-4A54-987A-00BD69C6DE89}.Debug|x86.ActiveCfg = Debug|Win32
		{94349CD6-7BF3-4A54-987A-00BD69C6DE89}.Debug|x86.Build.0 = Debug|Win32
		{94349CD6-7BF3-4A54-987A-00BD69C6DE89}.Release|x64.ActiveCfg = Release|x64
		{94349CD6-7BF3-4A54-987A-00BD69C6DE89}.Release|x64.Build.0 = Release|x64
		{94349CD6-7BF3-4A54-987A-00BD69C6DE89}.Release|x86.ActiveCfg = Release|Win32
		{94349CD6-7BF3-4A54-987A-00BD69C6DE89}.Release|x86.Build.0 = Release|Win32
		{2718AC97-08DA-4F44-9E5F-A53914E73C53}.Debug|x64.ActiveCfg = Debug|x64
		{2718AC97-08DA-4F44-9E5F-A53914E73C53}.Debug|x64.Build.0 = Debug|x64
		{2718AC97-08DA-4F44-9E5F-A53914E73C53}.Debug|x86.ActiveCfg = Debug|Win32
		{2718AC97-08DA-4F44-9E5F-A53914E73C53}.Debug|x86.Build.0 = Debug|Win32
		{2718AC97-08DA-4F44-9E5F-A53914E73C53}.Release|x64.ActiveCfg = Release|x64
		{2718AC97-08DA-4F44-9E5F-A53914E73C53}.Release|x64.Build.0 = Release|x64
		{2718AC97-08DA-4F44-9E5F-A53914E73C53}.Release|x86.ActiveCfg = Release|Win32
		{2718AC97-08DA-4F44-9E5F-A53914E73C53}.Release|x86.Build.0 = Release|Win32
		{AEC1FEA2-B69A-4816-B821-2B6D988568DD}.Debug|x64.ActiveCfg = Debug|x64
		{AEC1FEA2-B69A-4816-B821-2B6D988568DD}.Debug|x64.Build.0 = Debug|x64
		{AEC1FEA2-B69A-4816-B821-2B6D988568DD}.Debug|x86.ActiveCfg = Debug|Win32
		{AEC1FEA2-B69A-4816-B821-2B6D988568DD}.Debug|x86.Build.0 = Debug|Win32
		{AEC1FEA2-B69A-4816-B821-2B6D988568DD}.Release|x64.ActiveCfg = Release|x64
		{AEC1FEA2-B69A-4816-B821-2B6D988568DD}.Release|x64.Build.0 = Release|x64
		{AEC1FEA2-B69A-4816-B821-2B6D988568DD}.Release|x86.ActiveCfg = Release|Win32
		{AEC1FEA2-B69A-4816-B821-2B6D988568DD}.Release|x86.Build.0 = Release|Win32
		{3229D104-9D68-4106-B2AA-1FD4145ADA5F}.Debug|x64.ActiveCfg = Debug|x64
		{3229D104-9D68-4106-B2AA-1FD4145ADA5F}.Debug|x64.Build.0 = Debug|x64
		{3229D104-9D68-4106-B2AA-1FD4145ADA5F}.Debug|x86.ActiveCfg = Debug|Win32
		{3229D104-9D68-4106-B2AA-1FD4145ADA5F}.Debug|x86.Build.0 = Debug|Win32
		{3229D104-9D68-4106-B2AA-1FD4145ADA5F}.Release|x64.ActiveCfg = Release|x64
		{3229D104-9D68-4106-B2AA-1FD4145ADA5F}.Release|x64.Build.0 = Release|x64
		{3229D104-9D68-4106-B2AA-1FD4145ADA5F}.Release|x86.ActiveCfg = Release|Win32
		{3229D104-9D68-4106-B2AA-1FD4145ADA5F}.Release|x86.Build.0 = Release|Win32
		{0A35C608-2CBF-42CD-B879-6C60F9C26502}.Debug|x64.ActiveCfg = Debug|x64
		{0A35C608-2CBF-42CD-B879-6C60F9C26502}.Debug|x64.Build.0 = Debug|x64
		{0A35C608-2CBF-42CD-B879-6C60F9C26502}.Debug|x86.ActiveCfg = Debug|Win32
		{0A35C608-2CBF-42CD-B879-6C60F9C26502}.Debug|x86.Build.0 = Debug|Win32
		{0A35C608-2CBF-42CD-B879-6C60F9C26502}.Release|x64.ActiveCfg = Release|x64
		{0A35C608-2CBF-42CD-B879-6C60F9C26502}.Release|x64.Build.0 = Release|x64
		{0A35C608-2CBF-42CD-B879-6C60F9C26502}.Release|x86.ActiveCfg = Release|Win32
		{0A35C608-2CBF-42CD-B879-6C60F9C26502}.Release|x86.Build.0 = Release|Win32
		{B1BB6561-C2B6-4A82-850E-39E52CD80155}.Debug|x64.ActiveCfg = Debug|x64
		{B1BB6561-C2B6-4A82-850E-39E52CD80155}.Debug|x64.Build.0 = Debug|x64
		{B1BB6561-C2B6-4A82-850E-39E52CD80155}.Debug|x86.ActiveCfg = Debug|Win32
		{B1BB6561-C2B6-4A82-850E-39E52CD80155}.Debug|x86.Build.0 = Debug|Win32
		{B1BB6561-C2B6-4A82-850E-39E52CD80155}.Release|x64.ActiveCfg = Release|x64
		{B1BB6561-C2B6-4A82-850E-39E52CD80155}.Release|x64.Build.0 = Release|x64
		{B1BB6561-C2B6-4A82-850E-39E52CD80155}.Release|x86.ActiveCfg = Release|Win32
		{B1BB6561-C2B6-4A82-850E-39E52CD80155}.Release|x86.Build.0 = Release|Win32
		{86667C6C-6492-42F4-A902-DE806BFA7AC9}.Debug|x64.ActiveCfg = Debug|x64
		{86667C6C-6492-42F4-A902-DE806BFA7AC9}.Debug|x64.Build.0 = Debug|x64
		{86667C6C-6492-42F4-A902-DE806BFA7AC9}.Debug|x86.ActiveCfg = Debug|Win32
		{86667C6C-6492-42F4-A902-DE806BFA7AC9}.Debug|x86.Build.0 = Debug|Win32
		{86667C6C-6492-42F4-A902-DE806BFA7AC9}.Release|x64.ActiveCfg = Release|x64
		{86667C6C-6492-42F4-A902-DE806BFA7AC9}.Release|x64.Build.0 = Release|x64
		{86667C6C-6492-42F4-A902-DE806BFA7AC9}.Release|x86.ActiveCfg = Release|Win32
		{86667C6C-6492-42F4-A902-DE806BFA7AC9}.Release|x86.Build.0 = Release|Win32
	EndGlobalSection
	GlobalSection(SolutionProperties) = preSolution
		HideSolutionNode = FALSE
	EndGlobalSection
	GlobalSection(NestedProjects) = preSolution
		{641A661B-BFFC-428C-81C8-AE797796D0DE} = {6DAA8803-9424-41C4-896B-0C4CFD6A1EAF}
		{37BFD741-AAC3-494B-9871-BFF52E857ABF} = {6DAA8803-9424-41C4-896B-0C4CFD6A1EAF}
		{C9FEF25F-21A5-4D69-930B-3B2274639CDB} = {641A661B-BFFC-428C-81C8-AE797796D0DE}
		{B68C2ED9-EE99-49F1-98DC-D4F71DFEF386} = {37BFD741-AAC3-494B-9871-BFF52E857ABF}
		{94349CD6-7BF3-4A54-987A-00BD69C6DE89} = {5BDBA5BA-9C97-4C15-B5EA-F99B85E4FF24}
		{D41CFE89-2C7B-4ECD-B4E6-6EF20489069A} = {5C841799-CB08-4E6F-BE5A-EE7960857EBD}
		{2718AC97-08DA-4F44-9E5F-A53914E73C53} = {D41CFE89-2C7B-4ECD-B4E6-6EF20489069A}
		{5498EC8F-7A98-414D-A909-97A3427AC42B} = {5C841799-CB08-4E6F-BE5A-EE7960857EBD}
		{AEC1FEA2-B69A-4816-B821-2B6D988568DD} = {5498EC8F-7A98-414D-A909-97A3427AC42B}
		{40C9D06B-0D9E-4051-937C-DA0AF69835B4} = {5C841799-CB08-4E6F-BE5A-EE7960857EBD}
		{3229D104-9D68-4106-B2AA-1FD4145ADA5F} = {40C9D06B-0D9E-4051-937C-DA0AF69835B4}
		{04FC7C4D-4284-4C47-8044-8C8086E5633E} = {5C841799-CB08-4E6F-BE5A-EE7960857EBD}
		{0A35C608-2CBF-42CD-B879-6C60F9C26502} = {04FC7C4D-4284-4C47-8044-8C8086E5633E}
		{FB547CD0-C2F5-46D9-9D94-FB9E72F0DE79} = {5C841799-CB08-4E6F-BE5A-EE7960857EBD}
		{B1BB6561-C2B6-4A82-850E-39E52CD80155} = {FB547CD0-C2F5-46D9-9D94-FB9E72F0DE79}
		{90FE1BA7-A6FB-4A8A-9132-FA40066091EE} = {5C841799-CB08-4E6F-BE5A-EE7960857EBD}
		{86667C6C-6492-42F4-A902-DE806BFA7AC9} = {90FE1BA7-A6FB-4A8A-9132-FA40066091EE}
	EndGlobalSection
	GlobalSection(ExtensibilityGlobals) = postSolution
		SolutionGuid = {120D5D6B-DA54-42F4-805F-A6C266DA33B3}
	EndGlobalSection
EndGlobal
